
Microsoft Visual Studio Solution File, Format Version 12.00
# Visual Studio Version 17
VisualStudioVersion = 17.5.33516.290
MinimumVisualStudioVersion = 10.0.40219.1
Project("{FAE04EC0-301F-11D3-BF4B-00C04F79EFBC}") = "LunaMamaApp.Android", "LunaMamaApp.Android\LunaMamaApp.Android.csproj", "{A284E047-FB6F-4A0F-B209-C173FD0494B7}"
EndProject
Project("{FAE04EC0-301F-11D3-BF4B-00C04F79EFBC}") = "LunaMamaApp.iOS", "LunaMamaApp.iOS\LunaMamaApp.iOS.csproj", "{55C3EB3E-63D3-44FB-8EE7-04F6A2D62603}"
EndProject
Project("{FAE04EC0-301F-11D3-BF4B-00C04F79EFBC}") = "LunaMamaApp", "LunaMamaApp\LunaMamaApp.csproj", "{DFDCCE3D-1F3C-4CC7-B969-8EF04ACB58DC}"
EndProject
Global
	GlobalSection(SolutionConfigurationPlatforms) = preSolution
		Debug|Any CPU = Debug|Any CPU
		Debug|iPhone = Debug|iPhone
		Debug|iPhoneSimulator = Debug|iPhoneSimulator
		Release|Any CPU = Release|Any CPU
		Release|iPhone = Release|iPhone
		Release|iPhoneSimulator = Release|iPhoneSimulator
	EndGlobalSection
	GlobalSection(ProjectConfigurationPlatforms) = postSolution
		{A284E047-FB6F-4A0F-B209-C173FD0494B7}.Debug|Any CPU.ActiveCfg = Debug|Any CPU
		{A284E047-FB6F-4A0F-B209-C173FD0494B7}.Debug|Any CPU.Build.0 = Debug|Any CPU
		{A284E047-FB6F-4A0F-B209-C173FD0494B7}.Debug|Any CPU.Deploy.0 = Debug|Any CPU
		{A284E047-FB6F-4A0F-B209-C173FD0494B7}.Debug|iPhone.ActiveCfg = Debug|Any CPU
		{A284E047-FB6F-4A0F-B209-C173FD0494B7}.Debug|iPhone.Build.0 = Debug|Any CPU
		{A284E047-FB6F-4A0F-B209-C173FD0494B7}.Debug|iPhone.Deploy.0 = Debug|Any CPU
		{A284E047-FB6F-4A0F-B209-C173FD0494B7}.Debug|iPhoneSimulator.ActiveCfg = Debug|Any CPU
		{A284E047-FB6F-4A0F-B209-C173FD0494B7}.Debug|iPhoneSimulator.Build.0 = Debug|Any CPU
		{A284E047-FB6F-4A0F-B209-C173FD0494B7}.Debug|iPhoneSimulator.Deploy.0 = Debug|Any CPU
		{A284E047-FB6F-4A0F-B209-C173FD0494B7}.Release|Any CPU.ActiveCfg = Release|Any CPU
		{A284E047-FB6F-4A0F-B209-C173FD0494B7}.Release|Any CPU.Build.0 = Release|Any CPU
		{A284E047-FB6F-4A0F-B209-C173FD0494B7}.Release|Any CPU.Deploy.0 = Release|Any CPU
		{A284E047-FB6F-4A0F-B209-C173FD0494B7}.Release|iPhone.ActiveCfg = Release|Any CPU
		{A284E047-FB6F-4A0F-B209-C173FD0494B7}.Release|iPhone.Build.0 = Release|Any CPU
		{A284E047-FB6F-4A0F-B209-C173FD0494B7}.Release|iPhone.Deploy.0 = Release|Any CPU
		{A284E047-FB6F-4A0F-B209-C173FD0494B7}.Release|iPhoneSimulator.ActiveCfg = Release|Any CPU
		{A284E047-FB6F-4A0F-B209-C173FD0494B7}.Release|iPhoneSimulator.Build.0 = Release|Any CPU
		{A284E047-FB6F-4A0F-B209-C173FD0494B7}.Release|iPhoneSimulator.Deploy.0 = Release|Any CPU
		{55C3EB3E-63D3-44FB-8EE7-04F6A2D62603}.Debug|Any CPU.ActiveCfg = Debug|iPhone
		{55C3EB3E-63D3-44FB-8EE7-04F6A2D62603}.Debug|Any CPU.Build.0 = Debug|iPhone
		{55C3EB3E-63D3-44FB-8EE7-04F6A2D62603}.Debug|Any CPU.Deploy.0 = Debug|iPhone
		{55C3EB3E-63D3-44FB-8EE7-04F6A2D62603}.Debug|iPhone.ActiveCfg = Debug|iPhone
		{55C3EB3E-63D3-44FB-8EE7-04F6A2D62603}.Debug|iPhone.Build.0 = Debug|iPhone
		{55C3EB3E-63D3-44FB-8EE7-04F6A2D62603}.Debug|iPhone.Deploy.0 = Debug|iPhone
		{55C3EB3E-63D3-44FB-8EE7-04F6A2D62603}.Debug|iPhoneSimulator.ActiveCfg = Debug|iPhoneSimulator
		{55C3EB3E-63D3-44FB-8EE7-04F6A2D62603}.Debug|iPhoneSimulator.Build.0 = Debug|iPhoneSimulator
		{55C3EB3E-63D3-44FB-8EE7-04F6A2D62603}.Debug|iPhoneSimulator.Deploy.0 = Debug|iPhoneSimulator
		{55C3EB3E-63D3-44FB-8EE7-04F6A2D62603}.Release|Any CPU.ActiveCfg = Release|iPhoneSimulator
		{55C3EB3E-63D3-44FB-8EE7-04F6A2D62603}.Release|Any CPU.Build.0 = Release|iPhoneSimulator
		{55C3EB3E-63D3-44FB-8EE7-04F6A2D62603}.Release|Any CPU.Deploy.0 = Release|iPhoneSimulator
		{55C3EB3E-63D3-44FB-8EE7-04F6A2D62603}.Release|iPhone.ActiveCfg = Release|iPhone
		{55C3EB3E-63D3-44FB-8EE7-04F6A2D62603}.Release|iPhone.Build.0 = Release|iPhone
		{55C3EB3E-63D3-44FB-8EE7-04F6A2D62603}.Release|iPhone.Deploy.0 = Release|iPhone
		{55C3EB3E-63D3-44FB-8EE7-04F6A2D62603}.Release|iPhoneSimulator.ActiveCfg = Release|iPhoneSimulator
		{55C3EB3E-63D3-44FB-8EE7-04F6A2D62603}.Release|iPhoneSimulator.Build.0 = Release|iPhoneSimulator
		{55C3EB3E-63D3-44FB-8EE7-04F6A2D62603}.Release|iPhoneSimulator.Deploy.0 = Release|iPhoneSimulator
		{DFDCCE3D-1F3C-4CC7-B969-8EF04ACB58DC}.Debug|Any CPU.ActiveCfg = Debug|Any CPU
		{DFDCCE3D-1F3C-4CC7-B969-8EF04ACB58DC}.Debug|Any CPU.Build.0 = Debug|Any CPU
		{DFDCCE3D-1F3C-4CC7-B969-8EF04ACB58DC}.Debug|Any CPU.Deploy.0 = Debug|Any CPU
		{DFDCCE3D-1F3C-4CC7-B969-8EF04ACB58DC}.Debug|iPhone.ActiveCfg = Debug|Any CPU
		{DFDCCE3D-1F3C-4CC7-B969-8EF04ACB58DC}.Debug|iPhone.Build.0 = Debug|Any CPU
		{DFDCCE3D-1F3C-4CC7-B969-8EF04ACB58DC}.Debug|iPhone.Deploy.0 = Debug|Any CPU
		{DFDCCE3D-1F3C-4CC7-B969-8EF04ACB58DC}.Debug|iPhoneSimulator.ActiveCfg = Debug|Any CPU
		{DFDCCE3D-1F3C-4CC7-B969-8EF04ACB58DC}.Debug|iPhoneSimulator.Build.0 = Debug|Any CPU
		{DFDCCE3D-1F3C-4CC7-B969-8EF04ACB58DC}.Debug|iPhoneSimulator.Deploy.0 = Debug|Any CPU
		{DFDCCE3D-1F3C-4CC7-B969-8EF04ACB58DC}.Release|Any CPU.ActiveCfg = Release|Any CPU
		{DFDCCE3D-1F3C-4CC7-B969-8EF04ACB58DC}.Release|Any CPU.Build.0 = Release|Any CPU
		{DFDCCE3D-1F3C-4CC7-B969-8EF04ACB58DC}.Release|Any CPU.Deploy.0 = Release|Any CPU
		{DFDCCE3D-1F3C-4CC7-B969-8EF04ACB58DC}.Release|iPhone.ActiveCfg = Release|Any CPU
		{DFDCCE3D-1F3C-4CC7-B969-8EF04ACB58DC}.Release|iPhone.Build.0 = Release|Any CPU
		{DFDCCE3D-1F3C-4CC7-B969-8EF04ACB58DC}.Release|iPhone.Deploy.0 = Release|Any CPU
		{DFDCCE3D-1F3C-4CC7-B969-8EF04ACB58DC}.Release|iPhoneSimulator.ActiveCfg = Release|Any CPU
		{DFDCCE3D-1F3C-4CC7-B969-8EF04ACB58DC}.Release|iPhoneSimulator.Build.0 = Release|Any CPU
		{DFDCCE3D-1F3C-4CC7-B969-8EF04ACB58DC}.Release|iPhoneSimulator.Deploy.0 = Release|Any CPU
	EndGlobalSection
	GlobalSection(SolutionProperties) = preSolution
		HideSolutionNode = FALSE
	EndGlobalSection
	GlobalSection(ExtensibilityGlobals) = postSolution
		SolutionGuid = {9ED9B662-CEB8-4D34-9B5A-D003F5A9CA3A}
	EndGlobalSection
EndGlobal
